Microsoft Visual Studio Solution File, Format Version 12.00
# Visual Studio Version 17
VisualStudioVersion = 17.5.2.0
MinimumVisualStudioVersion = 10.0.40219.1
Project("{FAE04EC0-301F-11D3-BF4B-00C04F79EFBC}") = "cv", "cv.csproj", "{0358673E-0777-EC78-33A9-E9E4739E0F4A}"
EndProject
Global
	GlobalSection(SolutionConfigurationPlatforms) = preSolution
		Debug|Any CPU = Debug|Any CPU
		Release|Any CPU = Release|Any CPU
	EndGlobalSection
	GlobalSection(ProjectConfigurationPlatforms) = postSolution
		{0358673E-0777-EC78-33A9-E9E4739E0F4A}.Debug|Any CPU.ActiveCfg = Debug|Any CPU
		{0358673E-0777-EC78-33A9-E9E4739E0F4A}.Debug|Any CPU.Build.0 = Debug|Any CPU
		{0358673E-0777-EC78-33A9-E9E4739E0F4A}.Release|Any CPU.ActiveCfg = Release|Any CPU
		{0358673E-0777-EC78-33A9-E9E4739E0F4A}.Release|Any CPU.Build.0 = Release|Any CPU
	EndGlobalSection
	GlobalSection(SolutionProperties) = preSolution
		HideSolutionNode = FALSE
	EndGlobalSection
	GlobalSection(ExtensibilityGlobals) = postSolution
		SolutionGuid = {A5C16478-5DDA-40A9-AC2E-DA51673EF05C}
	EndGlobalSection
EndGlobal
